# THIS IS AN AUTOGENERATED FILE. DO NOT EDIT THIS FILE DIRECTLY.
# yarn lockfile v1


"@alloc/quick-lru@^5.2.0":
  version "5.2.0"
  resolved "https://registry.yarnpkg.com/@alloc/quick-lru/-/quick-lru-5.2.0.tgz#7bf68b20c0a350f936915fcae06f58e32007ce30"
  integrity sha512-UrcABB+4bUrFABwbluTIBErXwvbsU/V7TZWfmbgJfbkwiBuziS9gxdODUyuiecfdGQ85jglMW6juS3+z5TsKLw==

"@ampproject/remapping@^2.2.0":
  version "2.3.0"
  resolved "https://registry.yarnpkg.com/@ampproject/remapping/-/remapping-2.3.0.tgz#ed441b6fa600072520ce18b43d2c8cc8caecc7f4"
  integrity sha512-30iZtAPgz+LTIYoeivqYo853f02jBYSd5uGnGpkFV0M3xOt9aN73ercgYAmZU43x4VfqcnLxW9Kpg3R5LC4YYw==
  dependencies:
    "@jridgewell/gen-mapping" "^0.3.5"
    "@jridgewell/trace-mapping" "^0.3.24"

"@antfu/utils@^0.7.10":
  version "0.7.10"
  resolved "https://registry.yarnpkg.com/@antfu/utils/-/utils-0.7.10.tgz#ae829f170158e297a9b6a28f161a8e487d00814d"
  integrity sha512-+562v9k4aI80m1+VuMHehNJWLOFjBnXn3tdOitzD0il5b7smkSBal4+a3oKiQTbrwMmN/TBUMDvbdoWDehgOww==

"@babel/code-frame@^7.12.13", "@babel/code-frame@^7.22.13", "@babel/code-frame@^7.24.7", "@babel/code-frame@^7.25.9", "@babel/code-frame@^7.26.0":
  version "7.26.2"
  resolved "https://registry.yarnpkg.com/@babel/code-frame/-/code-frame-7.26.2.tgz#4b5fab97d33338eff916235055f0ebc21e573a85"
  integrity sha512-RJlIHRueQgwWitWgF8OdFYGZX328Ax5BCemNGlqHfplnRT9ESi8JkFlvaWYbS+UubVY6dpv87Fs2u5M29iNFVQ==
  dependencies:
    "@babel/helper-validator-identifier" "^7.25.9"
    js-tokens "^4.0.0"
    picocolors "^1.0.0"

"@babel/compat-data@^7.25.9":
  version "7.26.2"
  resolved "https://registry.yarnpkg.com/@babel/compat-data/-/compat-data-7.26.2.tgz#278b6b13664557de95b8f35b90d96785850bb56e"
  integrity sha512-Z0WgzSEa+aUcdiJuCIqgujCshpMWgUpgOxXotrYPSA53hA3qorNejt879lVokw94N24a9VGwJr3zvnS0NkGbOw==

"@babel/core@^7.23.0", "@babel/core@^7.25.7", "@babel/core@^7.26.0":
  version "7.26.0"
  resolved "https://registry.yarnpkg.com/@babel/core/-/core-7.26.0.tgz#d78b6023cc8f3114ccf049eb219613f74a747b40"
  integrity sha512-i1SLeK+DzNnQ3LL/CswPCa/E5u4lh1k6IAEphON8F+cXt0t9euTshDru0q7/IqMa1PMPz5RnHuHscF8/ZJsStg==
  dependencies:
    "@ampproject/remapping" "^2.2.0"
    "@babel/code-frame" "^7.26.0"
    "@babel/generator" "^7.26.0"
    "@babel/helper-compilation-targets" "^7.25.9"
    "@babel/helper-module-transforms" "^7.26.0"
    "@babel/helpers" "^7.26.0"
    "@babel/parser" "^7.26.0"
    "@babel/template" "^7.25.9"
    "@babel/traverse" "^7.25.9"
    "@babel/types" "^7.26.0"
    convert-source-map "^2.0.0"
    debug "^4.1.0"
    gensync "^1.0.0-beta.2"
    json5 "^2.2.3"
    semver "^6.3.1"

"@babel/generator@^7.25.9", "@babel/generator@^7.26.0":
  version "7.26.2"
  resolved "https://registry.yarnpkg.com/@babel/generator/-/generator-7.26.2.tgz#87b75813bec87916210e5e01939a4c823d6bb74f"
  integrity sha512-zevQbhbau95nkoxSq3f/DC/SC+EEOUZd3DYqfSkMhY2/wfSeaHV1Ew4vk8e+x8lja31IbyuUa2uQ3JONqKbysw==
  dependencies:
    "@babel/parser" "^7.26.2"
    "@babel/types" "^7.26.0"
    "@jridgewell/gen-mapping" "^0.3.5"
    "@jridgewell/trace-mapping" "^0.3.25"
    jsesc "^3.0.2"

"@babel/helper-annotate-as-pure@^7.25.9":
  version "7.25.9"
  resolved "https://registry.yarnpkg.com/@babel/helper-annotate-as-pure/-/helper-annotate-as-pure-7.25.9.tgz#d8eac4d2dc0d7b6e11fa6e535332e0d3184f06b4"
  integrity sha512-gv7320KBUFJz1RnylIg5WWYPRXKZ884AGkYpgpWW02TH66Dl+HeCy2D0+eEb1PmTBf/5PYnOZP3u/g/L5zZLPA==
  dependencies:
    "@babel/types" "^7.25.9"

"@babel/helper-compilation-targets@^7.25.9":
  version "7.25.9"
  resolved "https://registry.yarnpkg.com/@babel/helper-compilation-targets/-/helper-compilation-targets-7.25.9.tgz#55af025ce365be3cdc0c1c1e56c6af617ce88875"
  integrity sha512-j9Db8Suy6yV/W5pjNiCJvCkv6xug6iNDLQ+3DYD/Z6pXf3zX8o68UuH5
  dependencies:
    "@babel/compat-data" "^7.25.9"
    "@babel/helper-validator-option" "^7.25.9"
    browserslist "^4.24.0"
    lru-cache "^5.1.1"
    semver "^6.3.1"

"@babel/helper-create-class-features-plugin@^7.25.9":
  version "7.25.9"
  resolved "https://registry.yarnpkg.com/@babel/helper-create-class-features-plugin/-/helper-create-class-features-plugin-7.25.9.tgz#7644147706bb90ff613297d49ed5266bde729f83"
  integrity sha512-UTZQMvt0d/rSz6KI+qdu7GQze5TFbQoS0hV+r/NcxfkMh9iDGzIMnGQt7pcBwjpEmvEZW+/r7+y9z0uIqxoPw==
  dependencies:
    "@babel/helper-annotate-as-pure" "^7.25.9"
    "@babel/helper-member-expression-to-functions" "^7.25.9"
    "@babel/helper-optimise-call-expression" "^7.25.9"
    "@babel/helper-replace-supers" "^7.25.9"
    "@babel/helper-skip-transparent-expression-wrappers" "^7.25.9"
    "@babel/traverse" "^7.25.9"
    semver "^6.3.1"

"@babel/helper-member-expression-to-functions@^7.25.9":
  version "7.25.9"
  resolved "https://registry.yarnpkg.com/@babel/helper-member-expression-to-functions/-/helper-member-expression-to-functions-7.25.9.tgz#9dfffe46f727005a5ea29051ac835fb735e4c1a3"
  integrity sha512-wbfdZ9w5vk0C0oyHqAJbh62+vet5prjj01jjJ8sKNLYlhWUVB1sB2G5sxuWYXk/whHD9iW76PmNzxZ4UCnTQTsw==
  dependencies:
    "@babel/traverse" "^7.25.9"
    "@babel/types" "^7.25.9"

"@babel/helper-module-imports@^7.24.7", "@babel/helper-module-imports@^7.25.9":
  version "7.25.9"
  resolved "https://registry.yarnpkg.com/@babel/helper-module-imports/-/helper-module-imports-7.25.9.tgz#e7f8d20602ebdbf9ebbea0a0751fb0f2a4141715"
  integrity sha512-tnUA4RsrmflIM6W6RFTLFSXITtl0wKjgpnLgXyowocVPrbYrLUXSBXDgTs8BlbmIzImnIJIgl/jv4bI6we27tQ==
  dependencies:
    "@babel/traverse" "^7.25.9"
    "@babel/types" "^7.25.9"

"@babel/helper-module-transforms@^7.26.0":
  version "7.26.0"
  resolved "https://registry.yarnpkg.com/@babel/helper-module-transforms/-/helper-module-transforms-7.26.0.tgz#8ce54ec9d592695e58d84cd884b7b5c6a2fdeeae"
  integrity sha512-xO+xu6B5K2czEnQye6BHA7DolFFmS3LB7stHZFaOLb1pAwO1HWLS8fXA+eh0A2yIvltPVmx3eNDXGQ+/QTtLsQ==
  dependencies:
    "@babel/helper-module-imports" "^7.25.9"
    "@babel/helper-validator-identifier" "^7.25.9"
    "@babel/traverse" "^7.25.9"

"@babel/helper-optimise-call-expression@^7.25.9":
  version "7.25.9"
  resolved "https://registry.yarnpkg.com/@babel/helper-optimise-call-expression/-/helper-optimise-call-expression-7.25.9.tgz#3324ae50bae7e2ab3c33f60c9a877b6a0146b54e"
  integrity sha512-PHtdqeCmWf7BBWtAJFGjHlQjFZWXnQPwkNZogDQlhz32oTiMj9RQ42oazXb4rQIPdVOTCgCv4K3/r6JCEF8rlw==
  dependencies:
    "@babel/types" "^7.25.9"

"@babel/helper-plugin-utils@^7.10.4", "@babel/helper-plugin-utils@^7.24.8", "@babel/helper-plugin-utils@^7.25.9":
  version "7.25.9"
  resolved "https://registry.yarnpkg.com/@babel/helper-plugin-utils/-/helper-plugin-utils-7.25.9.tgz#9cbdd63a9443a2c92a725cca7ebca12cc8dd9f46"
  integrity sha512-kSMlyUVdWe25rEsRGviIgOWnoT/nfABVWlqljCn8x7Uk0Kx+mYX0v4t6kf/hb58e1Fc5b97xMxf7QQCZmRVxI3==

"@babel/helper-replace-supers@^7.25.9":
  version "7.25.9"
  resolved "https://registry.yarnpkg.com/@babel/helper-replace-supers/-/helper-replace-supers-7.25.9.tgz#ba447224798c3da3f8713fc272b145e33da6a5c5"
  integrity sha512-IiDqTOTBQy0sWyeXyGSC5TBJpGFXBkRynjBE2xz9s+DWi9C6TSuW0ZC5j3+4jwp1PJcAE26APOq0f9JfWiBlqo==
  dependencies:
    "@babel/helper-member-expression-to-functions" "^7.25.9"
    "@babel/helper-optimise-call-expression" "^7.25.9"
    "@babel/traverse" "^7.25.9"

"@babel/helper-skip-transparent-expression-wrappers@^7.25.9":
  version "7.25.9"
  resolved "https://registry.yarnpkg.com/@babel/helper-skip-transparent-expression-wrappers/-/helper-skip-transparent-expression-wrappers-7.25.9.tgz#0b2e1b62d560d6b1954893fd2b705dc17c91f0c9"
  integrity sha512-K4Du3BFa3gvyhzgPcntrkDgZzQaq6uozWjrAGXFHBXhKC56+XN/Lg4p/JyZ0ZRl1FY3Rq9i50XewgmiQxEV/zA==
  dependencies:
    "@babel/traverse" "^7.25.9"
    "@babel/types" "^7.25.9"

"@babel/helper-string-parser@^7.25.9":
  version "7.25.9"
  resolved "https://registry.yarnpkg.com/@babel/helper-string-parser/-/helper-string-parser-7.25.9.tgz#1aabb72ee72ed35789b4bbcad3ca2862ce614e8c"
  integrity sha512-4A/SCr/2KLd5jrtOPFzaKjVtAiefaYrsw0lt3WbvW28dxAWJiEjuzFo0frzTYHArltH0Tw9W++jHy5/C5d5xsA==

"@babel/helper-validator-identifier@^7.25.9":
  version "7.25.9"
  resolved "https://registry.yarnpkg.com/@babel/helper-validator-identifier/-/helper-validator-identifier-7.25.9.tgz#24b64e2c3ec7cd3b3c547729b8d16871f22cbdc7"
  integrity sha512-Ed61U6XJc3CVRfkERJWCtQyLZfJPK0pF+vN43ybtmTjwe54T+dj6ZPVV4Y0RihxeZaJgEfVlEw8HO0f5FT1ZmQ==

"@babel/helper-validator-option@^7.25.9":
  version "7.25.9"
  resolved "https://registry.yarnpkg.com/@babel/helper-validator-option/-/helper-validator-option-7.25.9.tgz#86e45bd8a49ab7e03f276577f96179653d41da72"
  integrity sha512-pYnM2xgWHW37PDRkZ2U7W764Lcas9K56vxKb/F5oOYmJk4q6MV886iKShp/drf6HRx4tqTLp5VC9TJkTGwynwA==

"@babel/helpers@^7.26.0":
  version "7.26.0"
  resolved "https://registry.yarnpkg.com/@babel/helpers/-/helpers-7.26.0.tgz#30e621f1eba5aa45fe6f4868d2e9154d884119a4"
  integrity sha512-tbhNuIxNcVb21pInl3ZSjksLCvgdJp9w49bSfa7iuZWjeD9Q15IRCn2aQkjBkToyQq6ou3AvlMkJZRulqfuScg==
  dependencies:
    "@babel/template" "^7.25.9"
    "@babel/types" "^7.26.0"

"@babel/parser@^7.25.3", "@babel/parser@^7.25.4", "@babel/parser@^7.25.6", "@babel/parser@^7.25.9", "@babel/parser@^7.26.0", "@babel/parser@^7.26.2":
  version "7.26.2"
  resolved "https://registry.yarnpkg.com/@babel/parser/-/parser-7.26.2.tgz#fd7b6f487cfea09889557ef5d4eeb9ff9a5abd11"
  integrity sha512-DWMCZH9WA4Maitz2q21SRKHo9QXZt1q/N5PWtQ0+853MnGrt+t2P4TmZ+MkyvPLDU4TUm5Gc1dDFvgQj9/7Wyw==
  dependencies:
    "@babel/types" "^7.26.0"

"@babel/plugin-proposal-decorators@^7.23.0":
  version "7.25.9"
  resolved "https://registry.yarnpkg.com/@babel/plugin-proposal-decorators/-/plugin-proposal-decorators-7.25.9.tgz#8680707f943d1a3da2cd66b948179920f097e254"
  integrity sha512-smkNLL/O1ezy9Nhy4CNosc4Va+1wo5w4gzSZeLe6y6dM4mmHfYOCPolXQPRq3+8Tix1eF3cZ++5r1S3qYftFcw==
  dependencies:
    "@babel/helper-create-class-features-plugin" "^7.25.9"
    "@babel/helper-plugin-utils" "^7.25.9"
    "@babel/plugin-syntax-decorators" "^7.25.9"

"@babel/plugin-syntax-decorators@^7.25.9":
  version "7.25.9"
  resolved "https://registry.yarnpkg.com/@babel/plugin-syntax-decorators/-/plugin-syntax-decorators-7.25.9.tgz#986b4ca8b7b5df3f67cee889cedeffc2e2bf14b3"
  integrity sha512-ryzI0McXUGJnRnY0ZFbiQzXsJ5/6W/mJk6Fsxc3M19Iv4jwrydlmI317C/P6jTdjqQVCEZlyAo5FgjK/vYnWHw==
  dependencies:
    "@babel/helper-plugin-utils" "^7.25.9"

"@babel/plugin-syntax-import-attributes@^7.22.5":
  version "7.26.0"
  resolved "https://registry.yarnpkg.com/@babel/plugin-syntax-import-attributes/-/plugin-syntax-import-attributes-7.26.0.tgz#3b1412847699eea739b4f2602c74ce36f6b0b0f7"
  integrity sha512-e2dttdsJ1ZTpi3B9UYGLw41hifAubg19AtCu/2I/F1QNVclOBr1dYpTdmdyZ84Xij43BS/tCUkMAZNLv12Pi+A==
  dependencies:
    "@babel/helper-plugin-utils" "^7.25.9"

"@babel/plugin-syntax-import-meta@^7.10.4":
  version "7.10.4"
  resolved "https://registry.yarnpkg.com/@babel/plugin-syntax-import-meta/-/plugin-syntax-import-meta-7.10.4.tgz#ee601348c370fa334d2207be158777496521fd51"
  integrity sha512-Yqfm+XDx0+Prh3VSeEQCPU81yC+JWZ2pDPFSS4ZdpfZhp4MkFMaDC1UqseovEKwSUpnIL7+vK+Clp7bfh0iD7g==
  dependencies:
    "@babel/helper-plugin-utils" "^7.10.4"

"@babel/plugin-syntax-jsx@^7.24.7":
  version "7.25.9"
  resolved "https://registry.yarnpkg.com/@babel/plugin-syntax-jsx/-/plugin-syntax-jsx-7.25.9.tgz#a34313a178ea56f1951599b929c1ceacee719290"
  integrity sha512-30Pe0ieKTyx0BJ5kFCJ4HSZai1i87F7hy7Jhj1G0NBBmD09k7g45gvh7FZAo9uAeuiVh/Aj+C7QBIVQkVfzwuA==
  dependencies:
    "@babel/helper-plugin-utils" "^7.25.9"

"@babel/plugin-syntax-typescript@^7.25.9":
  version "7.25.9"
  resolved "https://registry.yarnpkg.com/@babel/plugin-syntax-typescript/-/plugin-syntax-typescript-7.25.9.tgz#67dda2b74da43727cf21d46cf9afef23f4365399"
  integrity sha512-mA8VsfqmRJydxn3jwmGsfnN2bCJ88B8EE37B6/GZof8w3NQlh66cn8MT3PaaHEKL0V0LNBz0weJR9KQMi5fyRw==
  dependencies:
    "@babel/helper-plugin-utils" "^7.25.9"

"@babel/plugin-transform-typescript@^7.22.15", "@babel/plugin-transform-typescript@^7.25.9":
  version "7.25.9"
  resolved "https://registry.yarnpkg.com/@babel/plugin-transform-typescript/-/plugin-transform-typescript-7.25.9.tgz#69267905c2b33c2ac6d8fe765e9dc2ddc9df3849"
  integrity sha512-7PbZQZP50tzv2KGGnhh82GSyMB01yKY9scIjf1a+GfZCtInOWqUH5+1EBU4t9fyR5OykyhV/b4fCKH32F8i7ag==
  dependencies:
    "@babel/helper-annotate-as-pure" "^7.25.9"
    "@babel/helper-create-class-features-plugin" "^7.25.9"
    "@babel/helper-plugin-utils" "^7.25.9"
    "@babel/helper-skip-transparent-expression-wrappers" "^7.25.9"
    "@babel/plugin-syntax-typescript" "^7.25.9"

"@babel/runtime@^7.15.4":
  version "7.26.0"
  resolved "https://registry.yarnpkg.com/@babel/runtime/-/runtime-7.26.0.tgz#8600c2f595f277c60815256418b85356a65173c1"
  integrity sha512-FtwrG/7cX7pINyhF4Z/rqfusvjIUlVt9GaEoy5Lc1d4NVVNSn2r4c8B85y/AL70sK3C6ryBujkUM3r+dQ7qOFg==
  dependencies:
    regenerator-runtime "^0.14.0"

"@babel/standalone@^7.25.7":
  version "7.26.2"
  resolved "https://registry.yarnpkg.com/@babel/standalone/-/standalone-7.26.2.tgz#a1fdf2d477a1f3d2828f0551b5dc14c44d4e127f"
  integrity sha512-i2VbegsRfwa9yq3xmfDX3tG2yh9K0cCqwpSyVG2nPxifh0EOnucAZUeO/g4lW2Zfg03aPJNtPfxQbDHzXc7H+w==

"@babel/template@^7.25.0", "@babel/template@^7.25.9":
  version "7.25.9"
  resolved "https://registry.yarnpkg.com/@babel/template/-/template-7.25.9.tgz#ecb62d81a8a6f5dc5fe8abfc3901fc52ddf15016"
  integrity sha512-DtqxqQmWPIz/TWpRt4WVjcTQVKU7w5A5VWJLGryHE12DWLj60z9zY4lkRd51W0fS00PcGxcIUW7Q46uDI7BxBA==
  dependencies:
    "@babel/code-frame" "^7.25.9"
    "@babel/parser" "^7.25.9"
    "@babel/types" "^7.25.9"

"@babel/traverse@^7.25.6", "@babel/traverse@^7.25.9":
  version "7.25.9"
  resolved "https://registry.yarnpkg.com/@babel/traverse/-/traverse-7.25.9.tgz#a50f8fe49e7f69f53de5bea7e413cd35c5e13c84"
  integrity sha512-jUu6VTOsgj63UCA0HgipjRNcXHsBOUv5lw+G+TRMKWcJPn6Ebw0+dEf0to3UFtJg4j3zP51HNwFfO64RfiJTMA==
  dependencies:
    "@babel/code-frame" "^7.25.9"
    "@babel/generator" "^7.25.9"
    "@babel/parser" "^7.25.9"
    "@babel/template" "^7.25.9"
    "@babel/types" "^7.25.9"
    debug "^4.3.1"
    globals "^11.1.0"

"@babel/types@^7.25.4", "@babel/types@^7.25.6", "@babel/types@^7.25.7", "@babel/types@^7.25.8", "@babel/types@^7.25.9", "@babel/types@^7.26.0":
  version "7.26.0"
  resolved "https://registry.yarnpkg.com/@babel/types/-/types-7.26.0.tgz#deabd08d6b753bc8e0f198f8709fb575e31774ff"
  integrity sha512-XlTJHGKhQ5EmmX4Vd2fTXxkIzSLMtMuifMzpsXBcUl8/4UGSRNMd9W/dCU/fgNX6xzcFzDX62Qnicj5rgWLvkQ==
  dependencies:
    "@babel/helper-string-parser" "^7.25.9"
    "@babel/helper-validator-identifier" "^7.25.9"

"@cloudflare/kv-asset-handler@^0.3.4":
  version "0.3.4"
  resolved "https://registry.yarnpkg.com/@cloudflare/kv-asset-handler/-/kv-asset-handler-0.3.4.tgz#5cc152847c8ae4d280ec5d7f4f6ba8c976b585c3"
  integrity sha512-YLPHc8yASwjNkmcDMQMY35yiWjoKACHnvQIy6Vjz0omMZcTqSkl/SIpJioPBn5tjT25Pv87XK+f48QGmHxCKJyA==
  dependencies:
    mime "^3.0.0"

"@csstools/selector-resolve-nested@^3.0.0":
  version "3.0.0"
  resolved "https://registry.yarnpkg.com/@csstools/selector-resolve-nested/-/selector-resolve-nested-3.0.0.tgz#704a9b637975680e025e069a4c58b3beb3e2752a"
  integrity sha512-wuXmVdSkqtZggdrYb1eQlROn+QZLtmh5es5dq8QWtqiWuHbfz/a8/RRNyqaW7Ng3ooDZbKpU+0JjSdLoiHd77R==

"@csstools/selector-specificity@^5.0.0":
  version "5.0.0"
  resolved "https://registry.yarnpkg.com/@csstools/selector-specificity/-/selector-specificity-5.0.0.tgz#037817b574262134cabd68fc4ec1a454f168407b"
  integrity sha512-RkDGjvkAUGMD+LWyGFKHzMl3ucmZDpYEUg8Djm4FbJKuxBVR+wOV/YWA74l3WDk2pv3YY8GQNIoWacdVO2N3fw==

"@esbuild/aix-ppc64@0.21.5":
  version "0.21.5"
  resolved "https://registry.yarnpkg.com/@esbuild/aix-ppc64/-/aix-ppc64-0.21.5.tgz#c7184a326533fcdf1b8ee0733e21c713b975575f"
  integrity sha512-1SDgH6ZSPTlggy1yI6+Dbkiz8xzpHJEVAlF/AM1tHPLsf5STom9rwtjE4hKAF20FfXXNTFqEYXyJNWh1GiZeqQ==

"@esbuild/aix-ppc64@0.24.0":
  version "0.24.0"
  resolved "https://registry.yarnpkg.com/@esbuild/aix-ppc64/-/aix-ppc64-0.24.0.tgz#b57697945b50e99007b4c2521507dc613d4a648c"
  integrity sha512-WtKdFM7ls47zkKHFVzMz8orM7LkcsIp9amDUBIAWirg70RM71WRSjdILPsY5Uv1D42ZpUfaPILDlfactHgsRkw==

"@esbuild/android-arm64@0.21.5":
  version "0.21.5"
  resolved "https://registry.yarnpkg.com/@esbuild/android-arm64/-/android-arm64-0.21.5.tgz#09d9b4357780da9ea3a7dfb833a1f1ff439b4052"
  integrity sha512-c0uX9VAUBQ7dTDCjq+wdieJ+u/fLdR+UVm/P70Z4kN1YjnIeOQJDZgBmcbdi+7h3jR9h6ZB1+WfmT6NXV72dLg==

"@esbuild/android-arm64@0.24.0":
  version "0.24.0"
  resolved "https://registry.yarnpkg.com/@esbuild/android-arm64/-/android-arm64-0.24.0.tgz#1add7e0af67acefd556e407f8497e81fddad79c0"
  integrity sha512-wXwwyuYJfVfCaZVdPALJ/G/rGMSumPrWyKr9OXW5wA7O8X9oCrmDQFzA3LR+vl/aFScpiVg==

"@esbuild/android-arm@0.21.5":
  version "0.21.5"
  resolved "https://registry.yarnpkg.com/@esbuild/android-arm/-/android-arm-0.21.5.tgz#9b04384fb771926dfa6d7ad04324ecb2ab9b2e28"
  integrity sha512-mCC6XB1MRrIRmc1Tv6EjyohFOSF7wST8s3UuW9xrWg/cIL/d4FYUUL+OP1IwgQO4ALNkCIWF/HFbONndJKb0hw==

"@esbuild/android-arm@0.24.0":
  version "0.24.0"
  resolved "https://registry.yarnpkg.com/@esbuild/android-arm/-/android-arm-0.24.0.tgz#ab7263045fa8e090833a8e3c393b60d59a789810"
  integrity sha512-rNKN3pwXcqtd0avkkRCmE93cKaRhN9EYJxXoQHQQMcZYN5oX4x1f4JDlmVPDLtM/3Ety7R9JDdMKSPe4qI7OTA==

"@esbuild/android-x64@0.21.5":
  version "0.21.5"
  resolved "https://registry.yarnpkg.com/@esbuild/android-x64/-/android-x64-0.21.5.tgz#29918ec2db754cedcb6c1b04de8cd6547af6461e"
  integrity sha512-1M6KT0ceUesLDZNK4E22WnUZt+CQlurxH4C9pE+8J76J8Aw0mjAxDvLks32W/fZ3Y0cN1NfYqiJH7KVIpAE1rl==

"@esbuild/android-x64@0.24.0":
  version "0.24.0"
  resolved "https://registry.yarnpkg.com/@esbuild/android-x64/-/android-x64-0.24.0.tgz#e8f8b196cfdfdd5aeaebbdb0110983460440e705"
  integrity sha512-8L6Tq+QBx84677YhYzAsQ/ssgvu6Ne6JL9qzJF/Ex1NxKIV4DzSvJEt3i8HGbNzP16M40C6R1rXy856w69bdIQ==

"@esbuild/darwin-arm64@0.21.5":
  version "0.21.5"
  resolved "https://registry.yarnpkg.com/@esbuild/darwin-arm64/-/darwin-arm64-0.21.5.tgz#e495b539660e51690f3928af50a76fb0a6ccff2a"
  integrity sha512-wk0vy53Y+lhdgvEYYw7jByj1FVdFmXbVfmMQ2uqFtR2MBcsG7haX8jMfnDytOw6mSBRHlQr5oNwew==

"@esbuild/darwin-arm64@0.24.0":
  version "0.24.0"
  resolved "https://registry.yarnpkg.com/@esbuild/darwin-arm64/-/darwin-arm64-0.24.0.tgz#2d0d9414f2acbffd2d86e98253914fca603a53dd"
  integrity sha512-sm33MBW+xwT2702F8hyqFdQsDlUn3o5bFjzPXQnYj3GPJvdYbjnvj4x/e8F0m0k48xV6MNfGtHfqHlOhZgN3eA==
```
</rewritten_file>

